
Microsoft Visual Studio Solution File, Format Version 12.00
# Visual Studio 15
VisualStudioVersion = 15.0.28307.438
MinimumVisualStudioVersion = 10.0.40219.1
Project("{FAE04EC0-301F-11D3-BF4B-00C04F79EFBC}") = "BGUN", "BGUN\BGUN.csproj", "{60BE4588-D7A3-4BE1-9CDE-C35F05B13DA2}"
EndProject
Global
	GlobalSection(SolutionConfigurationPlatforms) = preSolution
		Debug|Any CPU = Debug|Any CPU
		Release|Any CPU = Release|Any CPU
	EndGlobalSection
	GlobalSection(ProjectConfigurationPlatforms) = postSolution
		{60BE4588-D7A3-4BE1-9CDE-C35F05B13DA2}.Debug|Any CPU.ActiveCfg = Debug|Any CPU
		{60BE4588-D7A3-4BE1-9CDE-C35F05B13DA2}.Debug|Any CPU.Build.0 = Debug|Any CPU
		{60BE4588-D7A3-4BE1-9CDE-C35F05B13DA2}.Release|Any CPU.ActiveCfg = Release|Any CPU
		{60BE4588-D7A3-4BE1-9CDE-C35F05B13DA2}.Release|Any CPU.Build.0 = Release|Any CPU
	EndGlobalSection
	GlobalSection(SolutionProperties) = preSolution
		HideSolutionNode = FALSE
	EndGlobalSection
	GlobalSection(ExtensibilityGlobals) = postSolution
		SolutionGuid = {4EB16B85-C653-4360-BCC8-85719ABB63B4}
	EndGlobalSection
EndGlobal
